
Microsoft Visual Studio Solution File, Format Version 12.00
# Visual Studio Version 17
VisualStudioVersion = 17.5.33414.496
MinimumVisualStudioVersion = 10.0.40219.1
Project("{FAE04EC0-301F-11D3-BF4B-00C04F79EFBC}") = "P01AjaxWstep", "P01AjaxWstep\P01AjaxWstep.csproj", "{058EBB94-C75F-49B4-AA8C-53A367F6A2B5}"
EndProject
Project("{FAE04EC0-301F-11D3-BF4B-00C04F79EFBC}") = "P03AplikacjaZawodnicy", "P03AplikacjaZawodnicy\P03AplikacjaZawodnicy.csproj", "{20437274-5EF2-406C-81EC-CDF528801D06}"
EndProject
Global
	GlobalSection(SolutionConfigurationPlatforms) = preSolution
		Debug|Any CPU = Debug|Any CPU
		Release|Any CPU = Release|Any CPU
	EndGlobalSection
	GlobalSection(ProjectConfigurationPlatforms) = postSolution
		{058EBB94-C75F-49B4-AA8C-53A367F6A2B5}.Debug|Any CPU.ActiveCfg = Debug|Any CPU
		{058EBB94-C75F-49B4-AA8C-53A367F6A2B5}.Debug|Any CPU.Build.0 = Debug|Any CPU
		{058EBB94-C75F-49B4-AA8C-53A367F6A2B5}.Release|Any CPU.ActiveCfg = Release|Any CPU
		{058EBB94-C75F-49B4-AA8C-53A367F6A2B5}.Release|Any CPU.Build.0 = Release|Any CPU
		{20437274-5EF2-406C-81EC-CDF528801D06}.Debug|Any CPU.ActiveCfg = Debug|Any CPU
		{20437274-5EF2-406C-81EC-CDF528801D06}.Debug|Any CPU.Build.0 = Debug|Any CPU
		{20437274-5EF2-406C-81EC-CDF528801D06}.Release|Any CPU.ActiveCfg = Release|Any CPU
		{20437274-5EF2-406C-81EC-CDF528801D06}.Release|Any CPU.Build.0 = Release|Any CPU
	EndGlobalSection
	GlobalSection(SolutionProperties) = preSolution
		HideSolutionNode = FALSE
	EndGlobalSection
	GlobalSection(ExtensibilityGlobals) = postSolution
		SolutionGuid = {A51A63F2-37ED-4E15-9C17-6014F06EB96C}
	EndGlobalSection
EndGlobal
